
Microsoft Visual Studio Solution File, Format Version 12.00
# Visual Studio 15
VisualStudioVersion = 15.0.27703.2042
MinimumVisualStudioVersion = 10.0.40219.1
Project("{8BC9CEB8-8B4A-11D0-8D11-00A0C91BC942}") = "UVa", "UVa\UVa.vcxproj", "{D1111D77-8AFC-4B2A-9BAB-79FF96A38728}"
EndProject
Global
	GlobalSection(SolutionConfigurationPlatforms) = preSolution
		Debug|x64 = Debug|x64
		Debug|x86 = Debug|x86
		Release|x64 = Release|x64
		Release|x86 = Release|x86
	EndGlobalSection
	GlobalSection(ProjectConfigurationPlatforms) = postSolution
		{D1111D77-8AFC-4B2A-9BAB-79FF96A38728}.Debug|x64.ActiveCfg = Debug|x64
		{D1111D77-8AFC-4B2A-9BAB-79FF96A38728}.Debug|x64.Build.0 = Debug|x64
		{D1111D77-8AFC-4B2A-9BAB-79FF96A38728}.Debug|x86.ActiveCfg = Debug|Win32
		{D1111D77-8AFC-4B2A-9BAB-79FF96A38728}.Debug|x86.Build.0 = Debug|Win32
		{D1111D77-8AFC-4B2A-9BAB-79FF96A38728}.Release|x64.ActiveCfg = Release|x64
		{D1111D77-8AFC-4B2A-9BAB-79FF96A38728}.Release|x64.Build.0 = Release|x64
		{D1111D77-8AFC-4B2A-9BAB-79FF96A38728}.Release|x86.ActiveCfg = Release|Win32
		{D1111D77-8AFC-4B2A-9BAB-79FF96A38728}.Release|x86.Build.0 = Release|Win32
	EndGlobalSection
	GlobalSection(SolutionProperties) = preSolution
		HideSolutionNode = FALSE
	EndGlobalSection
	GlobalSection(ExtensibilityGlobals) = postSolution
		SolutionGuid = {2110BC5D-472E-4497-B10D-A6776EF329B2}
	EndGlobalSection
EndGlobal
